
Microsoft Visual Studio Solution File, Format Version 12.00
# Visual Studio Version 16
VisualStudioVersion = 16.0.29418.71
MinimumVisualStudioVersion = 10.0.40219.1
Project("{FAE04EC0-301F-11D3-BF4B-00C04F79EFBC}") = "Nonograms", "Nonograms\Nonograms.csproj", "{FE79E5F7-8F9F-4357-9D46-7BC1FEB8D3F7}"
EndProject
Global
	GlobalSection(SolutionConfigurationPlatforms) = preSolution
		Debug|Any CPU = Debug|Any CPU
		Release|Any CPU = Release|Any CPU
	EndGlobalSection
	GlobalSection(ProjectConfigurationPlatforms) = postSolution
		{FE79E5F7-8F9F-4357-9D46-7BC1FEB8D3F7}.Debug|Any CPU.ActiveCfg = Debug|Any CPU
		{FE79E5F7-8F9F-4357-9D46-7BC1FEB8D3F7}.Debug|Any CPU.Build.0 = Debug|Any CPU
		{FE79E5F7-8F9F-4357-9D46-7BC1FEB8D3F7}.Release|Any CPU.ActiveCfg = Release|Any CPU
		{FE79E5F7-8F9F-4357-9D46-7BC1FEB8D3F7}.Release|Any CPU.Build.0 = Release|Any CPU
	EndGlobalSection
	GlobalSection(SolutionProperties) = preSolution
		HideSolutionNode = FALSE
	EndGlobalSection
	GlobalSection(ExtensibilityGlobals) = postSolution
		SolutionGuid = {4757E5CE-E1A8-40AB-82EC-E664446E49B2}
	EndGlobalSection
EndGlobal
